
Microsoft Visual Studio Solution File, Format Version 12.00
# Visual Studio Version 17
VisualStudioVersion = 17.13.35931.197 d17.13
MinimumVisualStudioVersion = 10.0.40219.1
Project("{FAE04EC0-301F-11D3-BF4B-00C04F79EFBC}") = "TaskTrackerAPI", "TaskTrackerAPI.csproj", "{7776ECFA-8CDE-4949-BAB9-98D0540A7ECF}"
EndProject
Global
	GlobalSection(SolutionConfigurationPlatforms) = preSolution
		Debug|Any CPU = Debug|Any CPU
		Release|Any CPU = Release|Any CPU
	EndGlobalSection
	GlobalSection(ProjectConfigurationPlatforms) = postSolution
		{7776ECFA-8CDE-4949-BAB9-98D0540A7ECF}.Debug|Any CPU.ActiveCfg = Debug|Any CPU
		{7776ECFA-8CDE-4949-BAB9-98D0540A7ECF}.Debug|Any CPU.Build.0 = Debug|Any CPU
		{7776ECFA-8CDE-4949-BAB9-98D0540A7ECF}.Release|Any CPU.ActiveCfg = Release|Any CPU
		{7776ECFA-8CDE-4949-BAB9-98D0540A7ECF}.Release|Any CPU.Build.0 = Release|Any CPU
	EndGlobalSection
	GlobalSection(SolutionProperties) = preSolution
		HideSolutionNode = FALSE
	EndGlobalSection
	GlobalSection(ExtensibilityGlobals) = postSolution
		SolutionGuid = {F6A8A87E-C76F-4D64-B1C6-1A8ABCB9C7EC}
	EndGlobalSection
EndGlobal
